Microsoft Visual Studio Solution File, Format Version 12.00
# Visual Studio Version 17
VisualStudioVersion = 17.5.2.0
MinimumVisualStudioVersion = 10.0.40219.1
Project("{FAE04EC0-301F-11D3-BF4B-00C04F79EFBC}") = "BookingSite", "BookingSite.csproj", "{0F657212-E2FF-AFA5-6AA4-DAEBE4A8F3E1}"
EndProject
Global
	GlobalSection(SolutionConfigurationPlatforms) = preSolution
		Debug|Any CPU = Debug|Any CPU
		Release|Any CPU = Release|Any CPU
	EndGlobalSection
	GlobalSection(ProjectConfigurationPlatforms) = postSolution
		{0F657212-E2FF-AFA5-6AA4-DAEBE4A8F3E1}.Debug|Any CPU.ActiveCfg = Debug|Any CPU
		{0F657212-E2FF-AFA5-6AA4-DAEBE4A8F3E1}.Debug|Any CPU.Build.0 = Debug|Any CPU
		{0F657212-E2FF-AFA5-6AA4-DAEBE4A8F3E1}.Release|Any CPU.ActiveCfg = Release|Any CPU
		{0F657212-E2FF-AFA5-6AA4-DAEBE4A8F3E1}.Release|Any CPU.Build.0 = Release|Any CPU
	EndGlobalSection
	GlobalSection(SolutionProperties) = preSolution
		HideSolutionNode = FALSE
	EndGlobalSection
	GlobalSection(ExtensibilityGlobals) = postSolution
		SolutionGuid = {EBC1E31A-9D7B-4DE3-B98F-E804BCBA6177}
	EndGlobalSection
EndGlobal
